
Microsoft Visual Studio Solution File, Format Version 12.00
# Visual Studio Version 16
VisualStudioVersion = 16.0.31410.223
MinimumVisualStudioVersion = 10.0.40219.1
Project("{9A19103F-16F7-4668-BE54-9A1E7A4F7556}") = "em", "em\em.csproj", "{FB101E21-48DB-459A-B56E-39C10B97CA89}"
EndProject
Project("{2150E333-8FDC-42A3-9474-1A3956D46DE8}") = "Solution Items", "Solution Items", "{A585BBC9-92C0-46EB-9644-A5F87619176E}"
	ProjectSection(SolutionItems) = preProject
		.editorconfig = .editorconfig
	EndProjectSection
EndProject
Global
	GlobalSection(SolutionConfigurationPlatforms) = preSolution
		Debug|Any CPU = Debug|Any CPU
		Release|Any CPU = Release|Any CPU
	EndGlobalSection
	GlobalSection(ProjectConfigurationPlatforms) = postSolution
		{FB101E21-48DB-459A-B56E-39C10B97CA89}.Debug|Any CPU.ActiveCfg = Debug|Any CPU
		{FB101E21-48DB-459A-B56E-39C10B97CA89}.Debug|Any CPU.Build.0 = Debug|Any CPU
		{FB101E21-48DB-459A-B56E-39C10B97CA89}.Release|Any CPU.ActiveCfg = Release|Any CPU
		{FB101E21-48DB-459A-B56E-39C10B97CA89}.Release|Any CPU.Build.0 = Release|Any CPU
	EndGlobalSection
	GlobalSection(SolutionProperties) = preSolution
		HideSolutionNode = FALSE
	EndGlobalSection
	GlobalSection(ExtensibilityGlobals) = postSolution
		SolutionGuid = {1823ECE0-09F9-4F9D-8527-C43DF36023EC}
	EndGlobalSection
EndGlobal
